{
  "name": "jokeapi",
  "version": "0.2.0",
  "lockfileVersion": 1,
  "requires": true,
  "dependencies": {
    "dotenv": {
      "version": "6.2.0",
      "resolved": "https://registry.npmjs.org/dotenv/-/dotenv-6.2.0.tgz",
      "integrity": "sha512-HygQCKUBSFl8wKQZBSemMywRWcEDNidvNbjGVyZu3nbZ8qq9ubiPoGLMdRDpfSrpkkm9BXYFkpKxxFX38o/76w=="
    },
    "js2xmlparser": {
      "version": "4.0.0",
      "resolved": "https://registry.npmjs.org/js2xmlparser/-/js2xmlparser-4.0.0.tgz",
      "integrity": "sha512-WuNgdZOXVmBk5kUPMcTcVUpbGRzLfNkv7+7APq7WiDihpXVKrgxo6wwRpRl9OQeEBgKCVk9mR7RbzrnNWC8oBw==",
      "requires": {
        "xmlcreate": "^2.0.0"
      }
    },
    "json-to-pretty-yaml": {
      "version": "1.2.2",
      "resolved": "https://registry.npmjs.org/json-to-pretty-yaml/-/json-to-pretty-yaml-1.2.2.tgz",
      "integrity": "sha1-9M0L0KXo/h3yWq9boRiwmf2ZLVs=",
      "requires": {
        "remedial": "^1.0.7",
        "remove-trailing-spaces": "^1.0.6"
      }
    },
    "node-wrap": {
      "version": "0.2.0",
      "resolved": "https://registry.npmjs.org/node-wrap/-/node-wrap-0.2.0.tgz",
      "integrity": "sha512-q5nI3nfk1fHEYRNkDiqP04s9GrvhmQ+RxH+a/wE21GXbl+hcphlDaxrtO7duiXM41ilxaw4MtcXoV4pzDWdXnQ=="
    },
    "remedial": {
      "version": "1.0.8",
      "resolved": "https://registry.npmjs.org/remedial/-/remedial-1.0.8.tgz",
      "integrity": "sha512-/62tYiOe6DzS5BqVsNpH/nkGlX45C/Sp6V+NtiN6JQNS1Viay7cWkazmRkrQrdFj2eshDe96SIQNIoMxqhzBOg=="
    },
    "remove-trailing-spaces": {
      "version": "1.0.7",
      "resolved": "https://registry.npmjs.org/remove-trailing-spaces/-/remove-trailing-spaces-1.0.7.tgz",
      "integrity": "sha512-wjM17CJ2kk0SgoGyJ7ZMzRRCuTq+V8YhMwpZ5XEWX0uaked2OUq6utvHXGNBQrfkUzUUABFMyxlKn+85hMv4dg=="
    },
    "svjsl": {
      "version": "1.7.0",
      "resolved": "https://registry.npmjs.org/svjsl/-/svjsl-1.7.0.tgz",
      "integrity": "sha512-AxTcLlV69uJSQq+t4uSJqIrURIxHTFSApSMoGwJS2Otk750T5PcRibYJ81dfFCquSYkyEBp9mtAU83sj3ZyX3w=="
    },
    "xmlcreate": {
      "version": "2.0.1",
      "resolved": "https://registry.npmjs.org/xmlcreate/-/xmlcreate-2.0.1.tgz",
      "integrity": "sha512-MjGsXhKG8YjTKrDCXseFo3ClbMGvUD4en29H2Cev1dv4P/chlpw6KdYmlCWDkhosBVKRDjM836+3e3pm1cBNJA=="
    }
  }
}
